
Microsoft Visual Studio Solution File, Format Version 12.00
# Visual Studio Version 17
VisualStudioVersion = 17.14.36511.14 d17.14
MinimumVisualStudioVersion = 10.0.40219.1
Project("{FAE04EC0-301F-11D3-BF4B-00C04F79EFBC}") = "KN_ProyectoWeb", "KN_ProyectoWeb\KN_ProyectoWeb.csproj", "{446A249B-D74B-4563-8E50-D57014107009}"
EndProject
Global
	GlobalSection(SolutionConfigurationPlatforms) = preSolution
		Debug|Any CPU = Debug|Any CPU
		Release|Any CPU = Release|Any CPU
	EndGlobalSection
	GlobalSection(ProjectConfigurationPlatforms) = postSolution
		{446A249B-D74B-4563-8E50-D57014107009}.Debug|Any CPU.ActiveCfg = Debug|Any CPU
		{446A249B-D74B-4563-8E50-D57014107009}.Debug|Any CPU.Build.0 = Debug|Any CPU
		{446A249B-D74B-4563-8E50-D57014107009}.Release|Any CPU.ActiveCfg = Release|Any CPU
		{446A249B-D74B-4563-8E50-D57014107009}.Release|Any CPU.Build.0 = Release|Any CPU
	EndGlobalSection
	GlobalSection(SolutionProperties) = preSolution
		HideSolutionNode = FALSE
	EndGlobalSection
	GlobalSection(ExtensibilityGlobals) = postSolution
		SolutionGuid = {76F9992A-D459-4B70-BFE3-A888C641ECB0}
	EndGlobalSection
EndGlobal
